// !$*UTF8*$!
{
	archiveVersion = 1;
	classes = {
	};
	objectVersion = 55;
	objects = {

/* Begin PBXBuildFile section */
		9DA4BDC92854572C00C1B4F4 /* AppDelegate.swift in Sources */ = {isa = PBXBuildFile; fileRef = 9DA4BDC82854572C00C1B4F4 /* AppDelegate.swift */; };
		9DA4BDCD2854572C00C1B4F4 /* SettingsController.swift in Sources */ = {isa = PBXBuildFile; fileRef = 9DA4BDCC2854572C00C1B4F4 /* SettingsController.swift */; };
		9DA4BDD22854572F00C1B4F4 /* Assets.xcassets in Resources */ = {isa = PBXBuildFile; fileRef = 9DA4BDD12854572F00C1B4F4 /* Assets.xcassets */; };
		9DA4BDD52854572F00C1B4F4 /* LaunchScreen.storyboard in Resources */ = {isa = PBXBuildFile; fileRef = 9DA4BDD32854572F00C1B4F4 /* LaunchScreen.storyboard */; };
		9DA4BDE028546DB300C1B4F4 /* SettingsModel.swift in Sources */ = {isa = PBXBuildFile; fileRef = 9DA4BDDF28546DB300C1B4F4 /* SettingsModel.swift */; };
		9DA4BDE228546DCD00C1B4F4 /* SettingsView.swift in Sources */ = {isa = PBXBuildFile; fileRef = 9DA4BDE128546DCD00C1B4F4 /* SettingsView.swift */; };
		9DA4BDE6285482E500C1B4F4 /* Settings.swift in Sources */ = {isa = PBXBuildFile; fileRef = 9DA4BDE5285482E500C1B4F4 /* Settings.swift */; };
		9DA4BDE92855CA6400C1B4F4 /* SettingsTableViewCell.swift in Sources */ = {isa = PBXBuildFile; fileRef = 9DA4BDE82855CA6400C1B4F4 /* SettingsTableViewCell.swift */; };
/* End PBXBuildFile section */

/* Begin PBXFileReference section */
		9DA4BDC52854572C00C1B4F4 /* HW15.app */ = {isa = PBXFileReference; explicitFileType = wrapper.application; includeInIndex = 0; path = HW15.app; sourceTree = BUILT_PRODUCTS_DIR; };
		9DA4BDC82854572C00C1B4F4 /* AppDelegate.swift */ = {isa = PBXFileReference; lastKnownFileType = sourcecode.swift; path = AppDelegate.swift; sourceTree = "<group>"; };
		9DA4BDCC2854572C00C1B4F4 /* SettingsController.swift */ = {isa = PBXFileReference; lastKnownFileType = sourcecode.swift; path = SettingsController.swift; sourceTree = "<group>"; };
		9DA4BDD12854572F00C1B4F4 /* Assets.xcassets */ = {isa = PBXFileReference; lastKnownFileType = folder.assetcatalog; path = Assets.xcassets; sourceTree = "<group>"; };
		9DA4BDD42854572F00C1B4F4 /* Base */ = {isa = PBXFileReference; lastKnownFileType = file.storyboard; name = Base; path = Base.lproj/LaunchScreen.storyboard; sourceTree = "<group>"; };
		9DA4BDD62854572F00C1B4F4 /* Info.plist */ = {isa = PBXFileReference; lastKnownFileType = text.plist.xml; path = Info.plist; sourceTree = "<group>"; };
		9DA4BDDF28546DB300C1B4F4 /* SettingsModel.swift */ = {isa = PBXFileReference; lastKnownFileType = sourcecode.swift; path = SettingsModel.swift; sourceTree = "<group>"; };
		9DA4BDE128546DCD00C1B4F4 /* SettingsView.swift */ = {isa = PBXFileReference; lastKnownFileType = sourcecode.swift; path = SettingsView.swift; sourceTree = "<group>"; };
		9DA4BDE5285482E500C1B4F4 /* Settings.swift */ = {isa = PBXFileReference; lastKnownFileType = sourcecode.swift; path = Settings.swift; sourceTree = "<group>"; };
		9DA4BDE82855CA6400C1B4F4 /* SettingsTableViewCell.swift */ = {isa = PBXFileReference; lastKnownFileType = sourcecode.swift; path = SettingsTableViewCell.swift; sourceTree = "<group>"; };
/* End PBXFileReference section */

/* Begin PBXFrameworksBuildPhase section */
		9DA4BDC22854572C00C1B4F4 /* Frameworks */ = {
			isa = PBXFrameworksBuildPhase;
			buildActionMask = 2147483647;
			files = (
			);
			runOnlyForDeploymentPostprocessing = 0;
		};
/* End PBXFrameworksBuildPhase section */

/* Begin PBXGroup section */
		9DA4BDBC2854572C00C1B4F4 = {
			isa = PBXGroup;
			children = (
				9DA4BDC72854572C00C1B4F4 /* HW15 */,
				9DA4BDC62854572C00C1B4F4 /* Products */,
			);
			sourceTree = "<group>";
		};
		9DA4BDC62854572C00C1B4F4 /* Products */ = {
			isa = PBXGroup;
			children = (
				9DA4BDC52854572C00C1B4F4 /* HW15.app */,
			);
			name = Products;
			sourceTree = "<group>";
		};
		9DA4BDC72854572C00C1B4F4 /* HW15 */ = {
			isa = PBXGroup;
			children = (
				9DA4BDE72855C9F100C1B4F4 /* Cells */,
				9DA4BDE328546E1C00C1B4F4 /* App */,
				9DA4BDDC2854640C00C1B4F4 /* Model */,
				9DA4BDDD2854641500C1B4F4 /* View */,
				9DA4BDDE2854642000C1B4F4 /* Controller */,
				9DA4BDD12854572F00C1B4F4 /* Assets.xcassets */,
				9DA4BDD32854572F00C1B4F4 /* LaunchScreen.storyboard */,
				9DA4BDD62854572F00C1B4F4 /* Info.plist */,
			);
			path = HW15;
			sourceTree = "<group>";
		};
		9DA4BDDC2854640C00C1B4F4 /* Model */ = {
			isa = PBXGroup;
			children = (
				9DA4BDDF28546DB300C1B4F4 /* SettingsModel.swift */,
				9DA4BDE5285482E500C1B4F4 /* Settings.swift */,
			);
			path = Model;
			sourceTree = "<group>";
		};
		9DA4BDDD2854641500C1B4F4 /* View */ = {
			isa = PBXGroup;
			children = (
				9DA4BDE128546DCD00C1B4F4 /* SettingsView.swift */,
			);
			path = View;
			sourceTree = "<group>";
		};
		9DA4BDDE2854642000C1B4F4 /* Controller */ = {
			isa = PBXGroup;
			children = (
				9DA4BDCC2854572C00C1B4F4 /* SettingsController.swift */,
			);
			path = Controller;
			sourceTree = "<group>";
		};
		9DA4BDE328546E1C00C1B4F4 /* App */ = {
			isa = PBXGroup;
			children = (
				9DA4BDC82854572C00C1B4F4 /* AppDelegate.swift */,
			);
			path = App;
			sourceTree = "<group>";
		};
		9DA4BDE72855C9F100C1B4F4 /* Cells */ = {
			isa = PBXGroup;
			children = (
				9DA4BDE82855CA6400C1B4F4 /* SettingsTableViewCell.swift */,
			);
			path = Cells;
			sourceTree = "<group>";
		};
/* End PBXGroup section */

/* Begin PBXNativeTarget section */
		9DA4BDC42854572C00C1B4F4 /* HW15 */ = {
			isa = PBXNativeTarget;
			buildConfigurationList = 9DA4BDD92854572F00C1B4F4 /* Build configuration list for PBXNativeTarget "HW15" */;
			buildPhases = (
				9DD4EFD22860A2FB00E1CB1D /* Run Script */,
				9DA4BDC12854572C00C1B4F4 /* Sources */,
				9DA4BDC22854572C00C1B4F4 /* Frameworks */,
				9DA4BDC32854572C00C1B4F4 /* Resources */,
			);
			buildRules = (
			);
			dependencies = (
			);
			name = HW15;
			productName = HW15;
			productReference = 9DA4BDC52854572C00C1B4F4 /* HW15.app */;
			productType = "com.apple.product-type.application";
		};
/* End PBXNativeTarget section */

/* Begin PBXProject section */
		9DA4BDBD2854572C00C1B4F4 /* Project object */ = {
			isa = PBXProject;
			attributes = {
				BuildIndependentTargetsInParallel = 1;
				LastSwiftUpdateCheck = 1340;
				LastUpgradeCheck = 1340;
				TargetAttributes = {
					9DA4BDC42854572C00C1B4F4 = {
						CreatedOnToolsVersion = 13.4.1;
					};
				};
			};
			buildConfigurationList = 9DA4BDC02854572C00C1B4F4 /* Build configuration list for PBXProject "HW15" */;
			compatibilityVersion = "Xcode 13.0";
			developmentRegion = en;
			hasScannedForEncodings = 0;
			knownRegions = (
				en,
				Base,
			);
			mainGroup = 9DA4BDBC2854572C00C1B4F4;
			productRefGroup = 9DA4BDC62854572C00C1B4F4 /* Products */;
			projectDirPath = "";
			projectRoot = "";
			targets = (
				9DA4BDC42854572C00C1B4F4 /* HW15 */,
			);
		};
/* End PBXProject section */

/* Begin PBXResourcesBuildPhase section */
		9DA4BDC32854572C00C1B4F4 /* Resources */ = {
			isa = PBXResourcesBuildPhase;
			buildActionMask = 2147483647;
			files = (
				9DA4BDD52854572F00C1B4F4 /* LaunchScreen.storyboard in Resources */,
				9DA4BDD22854572F00C1B4F4 /* Assets.xcassets in Resources */,
			);
			runOnlyForDeploymentPostprocessing = 0;
		};
/* End PBXResourcesBuildPhase section */

/* Begin PBXShellScriptBuildPhase section */
		9DD4EFD22860A2FB00E1CB1D /* Run Script */ = {
			isa = PBXShellScriptBuildPhase;
			buildActionMask = 2147483647;
			files = (
			);
			inputFileListPaths = (
			);
			inputPaths = (
			);
			name = "Run Script";
			outputFileListPaths = (
			);
			outputPaths = (
			);
			runOnlyForDeploymentPostprocessing = 0;
			shellPath = /bin/sh;
			shellScript = "# Adds support for Apple Silicon brew directory\nexport PATH=\"$PATH:/opt/homebrew/bin\"\n\nif which swiftlint; then\n    swiftlint autocorrect && swiftlint\nelse\n  echo \"warning: SwiftLint not installed, download from https://github.com/realm/SwiftLint\"\nfi\n";
		};
/* End PBXShellScriptBuildPhase section */

/* Begin PBXSourcesBuildPhase section */
		9DA4BDC12854572C00C1B4F4 /* Sources */ = {
			isa = PBXSourcesBuildPhase;
			buildActionMask = 2147483647;
			files = (
				9DA4BDE228546DCD00C1B4F4 /* SettingsView.swift in Sources */,
				9DA4BDE028546DB300C1B4F4 /* SettingsModel.swift in Sources */,
				9DA4BDE92855CA6400C1B4F4 /* SettingsTableViewCell.swift in Sources */,
				9DA4BDCD2854572C00C1B4F4 /* SettingsController.swift in Sources */,
				9DA4BDC92854572C00C1B4F4 /* AppDelegate.swift in Sources */,
				9DA4BDE6285482E500C1B4F4 /* Settings.swift in Sources */,
			);
			runOnlyForDeploymentPostprocessing = 0;
		};
/* End PBXSourcesBuildPhase section */

/* Begin PBXVariantGroup section */
		9DA4BDD32854572F00C1B4F4 /* LaunchScreen.storyboard */ = {
			isa = PBXVariantGroup;
			children = (
				9DA4BDD42854572F00C1B4F4 /* Base */,
			);
			name = LaunchScreen.storyboard;
			sourceTree = "<group>";
		};
/* End PBXVariantGroup section */

/* Begin XCBuildConfiguration section */
		9DA4BDD72854572F00C1B4F4 /* Debug */ = {
			isa = XCBuildConfiguration;
			buildSettings = {
				ALWAYS_SEARCH_USER_PATHS = NO;
				CLANG_ANALYZER_NONNULL = YES;
				CLANG_ANALYZER_NUMBER_OBJECT_CONVERSION = YES_AGGRESSIVE;
				CLANG_CXX_LANGUAGE_STANDARD = "gnu++17";
				CLANG_ENABLE_MODULES = YES;
				CLANG_ENABLE_OBJC_ARC = YES;
				CLANG_ENABLE_OBJC_WEAK = YES;
				CLANG_WARN_BLOCK_CAPTURE_AUTORELEASING = YES;
				CLANG_WARN_BOOL_CONVERSION = YES;
				CLANG_WARN_COMMA = YES;
				CLANG_WARN_CONSTANT_CONVERSION = YES;
				CLANG_WARN_DEPRECATED_OBJC_IMPLEMENTATIONS = YES;
				CLANG_WARN_DIRECT_OBJC_ISA_USAGE = YES_ERROR;
				CLANG_WARN_DOCUMENTATION_COMMENTS = YES;
				CLANG_WARN_EMPTY_BODY = YES;
				CLANG_WARN_ENUM_CONVERSION = YES;
				CLANG_WARN_INFINITE_RECURSION = YES;
				CLANG_WARN_INT_CONVERSION = YES;
				CLANG_WARN_NON_LITERAL_NULL_CONVERSION = YES;
				CLANG_WARN_OBJC_IMPLICIT_RETAIN_SELF = YES;
				CLANG_WARN_OBJC_LITERAL_CONVERSION = YES;
				CLANG_WARN_OBJC_ROOT_CLASS = YES_ERROR;
				CLANG_WARN_QUOTED_INCLUDE_IN_FRAMEWORK_HEADER = YES;
				CLANG_WARN_RANGE_LOOP_ANALYSIS = YES;
				CLANG_WARN_STRICT_PROTOTYPES = YES;
				CLANG_WARN_SUSPICIOUS_MOVE = YES;
				CLANG_WARN_UNGUARDED_AVAILABILITY = YES_AGGRESSIVE;
				CLANG_WARN_UNREACHABLE_CODE = YES;
				CLANG_WARN__DUPLICATE_METHOD_MATCH = YES;
				COPY_PHASE_STRIP = NO;
				DEBUG_INFORMATION_FORMAT = dwarf;
				ENABLE_STRICT_OBJC_MSGSEND = YES;
				ENABLE_TESTABILITY = YES;
				GCC_C_LANGUAGE_STANDARD = gnu11;
				GCC_DYNAMIC_NO_PIC = NO;
				GCC_NO_COMMON_BLOCKS = YES;
				GCC_OPTIMIZATION_LEVEL = 0;
				GCC_PREPROCESSOR_DEFINITIONS = (
					"DEBUG=1",
					"$(inherited)",
				);
				GCC_WARN_64_TO_32_BIT_CONVERSION = YES;
				GCC_WARN_ABOUT_RETURN_TYPE = YES_ERROR;
				GCC_WARN_UNDECLARED_SELECTOR = YES;
				GCC_WARN_UNINITIALIZED_AUTOS = YES_AGGRESSIVE;
				GCC_WARN_UNUSED_FUNCTION = YES;
				GCC_WARN_UNUSED_VARIABLE = YES;
				IPHONEOS_DEPLOYMENT_TARGET = 15.5;
				MTL_ENABLE_DEBUG_INFO = INCLUDE_SOURCE;
				MTL_FAST_MATH = YES;
				ONLY_ACTIVE_ARCH = YES;
				SDKROOT = iphoneos;
				SWIFT_ACTIVE_COMPILATION_CONDITIONS = DEBUG;
				SWIFT_OPTIMIZATION_LEVEL = "-Onone";
			};
			name = Debug;
		};
		9DA4BDD82854572F00C1B4F4 /* Release */ = {
			isa = XCBuildConfiguration;
			buildSettings = {
				ALWAYS_SEARCH_USER_PATHS = NO;
				CLANG_ANALYZER_NONNULL = YES;
				CLANG_ANALYZER_NUMBER_OBJECT_CONVERSION = YES_AGGRESSIVE;
				CLANG_CXX_LANGUAGE_STANDARD = "gnu++17";
				CLANG_ENABLE_MODULES = YES;
				CLANG_ENABLE_OBJC_ARC = YES;
				CLANG_ENABLE_OBJC_WEAK = YES;
				CLANG_WARN_BLOCK_CAPTURE_AUTORELEASING = YES;
				CLANG_WARN_BOOL_CONVERSION = YES;
				CLANG_WARN_COMMA = YES;
				CLANG_WARN_CONSTANT_CONVERSION = YES;
				CLANG_WARN_DEPRECATED_OBJC_IMPLEMENTATIONS = YES;
				CLANG_WARN_DIRECT_OBJC_ISA_USAGE = YES_ERROR;
				CLANG_WARN_DOCUMENTATION_COMMENTS = YES;
				CLANG_WARN_EMPTY_BODY = YES;
				CLANG_WARN_ENUM_CONVERSION = YES;
				CLANG_WARN_INFINITE_RECURSION = YES;
				CLANG_WARN_INT_CONVERSION = YES;
				CLANG_WARN_NON_LITERAL_NULL_CONVERSION = YES;
				CLANG_WARN_OBJC_IMPLICIT_RETAIN_SELF = YES;
				CLANG_WARN_OBJC_LITERAL_CONVERSION = YES;
				CLANG_WARN_OBJC_ROOT_CLASS = YES_ERROR;
				CLANG_WARN_QUOTED_INCLUDE_IN_FRAMEWORK_HEADER = YES;
				CLANG_WARN_RANGE_LOOP_ANALYSIS = YES;
				CLANG_WARN_STRICT_PROTOTYPES = YES;
				CLANG_WARN_SUSPICIOUS_MOVE = YES;
				CLANG_WARN_UNGUARDED_AVAILABILITY = YES_AGGRESSIVE;
				CLANG_WARN_UNREACHABLE_CODE = YES;
				CLANG_WARN__DUPLICATE_METHOD_MATCH = YES;
				COPY_PHASE_STRIP = NO;
				DEBUG_INFORMATION_FORMAT = "dwarf-with-dsym";
				ENABLE_NS_ASSERTIONS = NO;
				ENABLE_STRICT_OBJC_MSGSEND = YES;
				GCC_C_LANGUAGE_STANDARD = gnu11;
				GCC_NO_COMMON_BLOCKS = YES;
				GCC_WARN_64_TO_32_BIT_CONVERSION = YES;
				GCC_WARN_ABOUT_RETURN_TYPE = YES_ERROR;
				GCC_WARN_UNDECLARED_SELECTOR = YES;
				GCC_WARN_UNINITIALIZED_AUTOS = YES_AGGRESSIVE;
				GCC_WARN_UNUSED_FUNCTION = YES;
				GCC_WARN_UNUSED_VARIABLE = YES;
				IPHONEOS_DEPLOYMENT_TARGET = 15.5;
				MTL_ENABLE_DEBUG_INFO = NO;
				MTL_FAST_MATH = YES;
				SDKROOT = iphoneos;
				SWIFT_COMPILATION_MODE = wholemodule;
				SWIFT_OPTIMIZATION_LEVEL = "-O";
				VALIDATE_PRODUCT = YES;
			};
			name = Release;
		};
		9DA4BDDA2854572F00C1B4F4 /* Debug */ = {
			isa = XCBuildConfiguration;
			buildSettings = {
				ASSETCATALOG_COMPILER_APPICON_NAME = AppIcon;
				ASSETCATALOG_COMPILER_GLOBAL_ACCENT_COLOR_NAME = AccentColor;
				CODE_SIGN_STYLE = Automatic;
				CURRENT_PROJECT_VERSION = 1;
				DEVELOPMENT_TEAM = YQXP5HN9PR;
				GENERATE_INFOPLIST_FILE = YES;
				INFOPLIST_FILE = HW15/Info.plist;
				INFOPLIST_KEY_UIApplicationSupportsIndirectInputEvents = YES;
				INFOPLIST_KEY_UILaunchStoryboardName = LaunchScreen;
				INFOPLIST_KEY_UISupportedInterfaceOrientations_iPad = "UIInterfaceOrientationPortrait UIInterfaceOrientationPortraitUpsideDown UIInterfaceOrientationLandscapeLeft UIInterfaceOrientationLandscapeRight";
				INFOPLIST_KEY_UISupportedInterfaceOrientations_iPhone = "UIInterfaceOrientationPortrait UIInterfaceOrientationLandscapeLeft UIInterfaceOrientationLandscapeRight";
				LD_RUNPATH_SEARCH_PATHS = (
					"$(inherited)",
					"@executable_path/Frameworks",
				);
				MARKETING_VERSION = 1.0;
				PRODUCT_BUNDLE_IDENTIFIER = my.com.HW15;
				PRODUCT_NAME = "$(TARGET_NAME)";
				SWIFT_EMIT_LOC_STRINGS = YES;
				SWIFT_VERSION = 5.0;
				TARGETED_DEVICE_FAMILY = 1;
			};
			name = Debug;
		};
		9DA4BDDB2854572F00C1B4F4 /* Release */ = {
			isa = XCBuildConfiguration;
			buildSettings = {
				ASSETCATALOG_COMPILER_APPICON_NAME = AppIcon;
				ASSETCATALOG_COMPILER_GLOBAL_ACCENT_COLOR_NAME = AccentColor;
				CODE_SIGN_STYLE = Automatic;
				CURRENT_PROJECT_VERSION = 1;
				DEVELOPMENT_TEAM = YQXP5HN9PR;
				GENERATE_INFOPLIST_FILE = YES;
				INFOPLIST_FILE = HW15/Info.plist;
				INFOPLIST_KEY_UIApplicationSupportsIndirectInputEvents = YES;
				INFOPLIST_KEY_UILaunchStoryboardName = LaunchScreen;
				INFOPLIST_KEY_UISupportedInterfaceOrientations_iPad = "UIInterfaceOrientationPortrait UIInterfaceOrientationPortraitUpsideDown UIInterfaceOrientationLandscapeLeft UIInterfaceOrientationLandscapeRight";
				INFOPLIST_KEY_UISupportedInterfaceOrientations_iPhone = "UIInterfaceOrientationPortrait UIInterfaceOrientationLandscapeLeft UIInterfaceOrientationLandscapeRight";
				LD_RUNPATH_SEARCH_PATHS = (
					"$(inherited)",
					"@executable_path/Frameworks",
				);
				MARKETING_VERSION = 1.0;
				PRODUCT_BUNDLE_IDENTIFIER = my.com.HW15;
				PRODUCT_NAME = "$(TARGET_NAME)";
				SWIFT_EMIT_LOC_STRINGS = YES;
				SWIFT_VERSION = 5.0;
				TARGETED_DEVICE_FAMILY = 1;
			};
			name = Release;
		};
/* End XCBuildConfiguration section */

/* Begin XCConfigurationList section */
		9DA4BDC02854572C00C1B4F4 /* Build configuration list for PBXProject "HW15" */ = {
			isa = XCConfigurationList;
			buildConfigurations = (
				9DA4BDD72854572F00C1B4F4 /* Debug */,
				9DA4BDD82854572F00C1B4F4 /* Release */,
			);
			defaultConfigurationIsVisible = 0;
			defaultConfigurationName = Release;
		};
		9DA4BDD92854572F00C1B4F4 /* Build configuration list for PBXNativeTarget "HW15" */ = {
			isa = XCConfigurationList;
			buildConfigurations = (
				9DA4BDDA2854572F00C1B4F4 /* Debug */,
				9DA4BDDB2854572F00C1B4F4 /* Release */,
			);
			defaultConfigurationIsVisible = 0;
			defaultConfigurationName = Release;
		};
/* End XCConfigurationList section */
	};
	rootObject = 9DA4BDBD2854572C00C1B4F4 /* Project object */;
}
